
Microsoft Visual Studio Solution File, Format Version 12.00
# Visual Studio Version 16
VisualStudioVersion = 16.0.30717.126
MinimumVisualStudioVersion = 10.0.40219.1
Project("{FAE04EC0-301F-11D3-BF4B-00C04F79EFBC}") = "FinalProjectForImage.Server", "FinalProjectForImage\Server\FinalProjectForImage.Server.csproj", "{0AF834A3-B50A-45CA-8B24-3EE7CE996570}"
EndProject
Project("{FAE04EC0-301F-11D3-BF4B-00C04F79EFBC}") = "FinalProjectForImage.Client", "FinalProjectForImage\Client\FinalProjectForImage.Client.csproj", "{C4E6E7C3-F328-4839-B666-508559D18D48}"
EndProject
Project("{FAE04EC0-301F-11D3-BF4B-00C04F79EFBC}") = "FinalProjectForImage.Shared", "FinalProjectForImage\Shared\FinalProjectForImage.Shared.csproj", "{B1F9DFEA-891F-467C-9938-9671C8B1417C}"
EndProject
Global
	GlobalSection(SolutionConfigurationPlatforms) = preSolution
		Debug|Any CPU = Debug|Any CPU
		Release|Any CPU = Release|Any CPU
	EndGlobalSection
	GlobalSection(ProjectConfigurationPlatforms) = postSolution
		{0AF834A3-B50A-45CA-8B24-3EE7CE996570}.Debug|Any CPU.ActiveCfg = Debug|Any CPU
		{0AF834A3-B50A-45CA-8B24-3EE7CE996570}.Debug|Any CPU.Build.0 = Debug|Any CPU
		{0AF834A3-B50A-45CA-8B24-3EE7CE996570}.Release|Any CPU.ActiveCfg = Release|Any CPU
		{0AF834A3-B50A-45CA-8B24-3EE7CE996570}.Release|Any CPU.Build.0 = Release|Any CPU
		{C4E6E7C3-F328-4839-B666-508559D18D48}.Debug|Any CPU.ActiveCfg = Debug|Any CPU
		{C4E6E7C3-F328-4839-B666-508559D18D48}.Debug|Any CPU.Build.0 = Debug|Any CPU
		{C4E6E7C3-F328-4839-B666-508559D18D48}.Release|Any CPU.ActiveCfg = Release|Any CPU
		{C4E6E7C3-F328-4839-B666-508559D18D48}.Release|Any CPU.Build.0 = Release|Any CPU
		{B1F9DFEA-891F-467C-9938-9671C8B1417C}.Debug|Any CPU.ActiveCfg = Debug|Any CPU
		{B1F9DFEA-891F-467C-9938-9671C8B1417C}.Debug|Any CPU.Build.0 = Debug|Any CPU
		{B1F9DFEA-891F-467C-9938-9671C8B1417C}.Release|Any CPU.ActiveCfg = Release|Any CPU
		{B1F9DFEA-891F-467C-9938-9671C8B1417C}.Release|Any CPU.Build.0 = Release|Any CPU
	EndGlobalSection
	GlobalSection(SolutionProperties) = preSolution
		HideSolutionNode = FALSE
	EndGlobalSection
	GlobalSection(ExtensibilityGlobals) = postSolution
		SolutionGuid = {4E278FE2-D7FD-430B-844F-714B77332708}
	EndGlobalSection
EndGlobal
